
Microsoft Visual Studio Solution File, Format Version 12.00
# Visual Studio Version 17
VisualStudioVersion = 17.5.33516.290
MinimumVisualStudioVersion = 10.0.40219.1
Project("{FAE04EC0-301F-11D3-BF4B-00C04F79EFBC}") = "Character", "Character\Character.csproj", "{4DC23459-2774-4138-B88E-6F28F7F16F91}"
EndProject
Global
	GlobalSection(SolutionConfigurationPlatforms) = preSolution
		Debug|Any CPU = Debug|Any CPU
		Release|Any CPU = Release|Any CPU
	EndGlobalSection
	GlobalSection(ProjectConfigurationPlatforms) = postSolution
		{4DC23459-2774-4138-B88E-6F28F7F16F91}.Debug|Any CPU.ActiveCfg = Debug|Any CPU
		{4DC23459-2774-4138-B88E-6F28F7F16F91}.Debug|Any CPU.Build.0 = Debug|Any CPU
		{4DC23459-2774-4138-B88E-6F28F7F16F91}.Release|Any CPU.ActiveCfg = Release|Any CPU
		{4DC23459-2774-4138-B88E-6F28F7F16F91}.Release|Any CPU.Build.0 = Release|Any CPU
	EndGlobalSection
	GlobalSection(SolutionProperties) = preSolution
		HideSolutionNode = FALSE
	EndGlobalSection
	GlobalSection(ExtensibilityGlobals) = postSolution
		SolutionGuid = {50051CF8-9004-4C04-953F-765D7FD71E1F}
	EndGlobalSection
EndGlobal
